// !$*UTF8*$!
{
	archiveVersion = 1;
	classes = {
	};
	objectVersion = 46;
	objects = {

/* Begin PBXBuildFile section */
		8D4DF099B7A8C29C97F586E8 /* SomeCommand.m in Sources */ = {isa = PBXBuildFile; fileRef = 8D4DF8D0F6B20EC12002905A /* SomeCommand.m */; };
		8D4DF0D7826E8E8FF8092741 /* GummiCommander.m in Sources */ = {isa = PBXBuildFile; fileRef = 8D4DF7F6BA0AA0352BE3B634 /* GummiCommander.m */; };
		8D4DF17B019508C695E5FE59 /* ServiceExample.m in Sources */ = {isa = PBXBuildFile; fileRef = 8D4DFB5E39ADA09414937048 /* ServiceExample.m */; };
		8D4DF1F15683F7E25BDA79F9 /* ServerResponseEvent.m in Sources */ = {isa = PBXBuildFile; fileRef = 8D4DFE16521A5101F67F19C1 /* ServerResponseEvent.m */; };
		8D4DF24C124BC271A56FCFB4 /* GreetingEvent.m in Sources */ = {isa = PBXBuildFile; fileRef = 8D4DF5A8A13AA2ED4A8516A5 /* GreetingEvent.m */; };
		8D4DF31C8BAE8864988B5287 /* GuardsSpec.m in Sources */ = {isa = PBXBuildFile; fileRef = 8D4DF9043796B7B43239D763 /* GuardsSpec.m */; };
		8D4DF3906878A7D51449DB13 /* GreetingsModule.m in Sources */ = {isa = PBXBuildFile; fileRef = 8D4DF10CF21EF42EB10C048B /* GreetingsModule.m */; };
		8D4DF44B8BE60AC2795E2922 /* GCGICommandMapSpec.m in Sources */ = {isa = PBXBuildFile; fileRef = 8D4DFEC651CB336A4CBBCE30 /* GCGICommandMapSpec.m */; };
		8D4DF51F7E1CCD9563D17097 /* Service.m in Sources */ = {isa = PBXBuildFile; fileRef = 8D4DFCB01483F90357C4DBB3 /* Service.m */; };
		8D4DF5D1FF762399147BC616 /* Model.m in Sources */ = {isa = PBXBuildFile; fileRef = 8D4DFF80AAB345B12B45C05A /* Model.m */; };
		8D4DF5F93A6C493AA6BB36B4 /* SomeOtherCommand.m in Sources */ = {isa = PBXBuildFile; fileRef = 8D4DFCE1DE7529658EC758AF /* SomeOtherCommand.m */; };
		8D4DF60678FB3AA53F16D192 /* SomeGuard.m in Sources */ = {isa = PBXBuildFile; fileRef = 8D4DF4BD59E982662E0E1F14 /* SomeGuard.m */; };
		8D4DF619B048FB996E98C1DF /* GummiCommanderSpec.m in Sources */ = {isa = PBXBuildFile; fileRef = 8D4DFFF9E4233E36D40D09D1 /* GummiCommanderSpec.m */; };
		8D4DF630BC0D51300CA2D684 /* GCDefaultEventBusSpec.m in Sources */ = {isa = PBXBuildFile; fileRef = 8D4DFEDA41F6071737C086DD /* GCDefaultEventBusSpec.m */; };
		8D4DF6841994D72395ECB3DB /* SomeObserver.m in Sources */ = {isa = PBXBuildFile; fileRef = 8D4DF88B6467AD131F301D2C /* SomeObserver.m */; };
		8D4DF71648D578F7D64A6192 /* GCMapping.m in Sources */ = {isa = PBXBuildFile; fileRef = 8D4DF2DDE3EF70D6CE266CA0 /* GCMapping.m */; };
		8D4DF7D430896BCCE60A8856 /* DependencyGuard.m in Sources */ = {isa = PBXBuildFile; fileRef = 8D4DF201EA40A50BABA1E848 /* DependencyGuard.m */; };
		8D4DF7D739139AD586A3594E /* SomeObject.m in Sources */ = {isa = PBXBuildFile; fileRef = 8D4DF4D969528BF22D4F00EB /* SomeObject.m */; };
		8D4DF7F76F06F505648940BD /* ServiceModule.m in Sources */ = {isa = PBXBuildFile; fileRef = 8D4DF06A9E39669CA8E88ADD /* ServiceModule.m */; };
		8D4DF8705B696419DFE9D545 /* SomeEvent.m in Sources */ = {isa = PBXBuildFile; fileRef = 8D4DF6FE31D836FB13E0D937 /* SomeEvent.m */; };
		8D4DFAFA251AAFE922BB08BC /* YesGuard.m in Sources */ = {isa = PBXBuildFile; fileRef = 8D4DF7106D0AE5BA90D8EDA5 /* YesGuard.m */; };
		8D4DFBCCDA4C91031B728BD5 /* GCGICommandMap.m in Sources */ = {isa = PBXBuildFile; fileRef = 8D4DF5C15E929B5F9995C629 /* GCGICommandMap.m */; };
		8D4DFBE5A25A879C5E52755F /* GCGIEvent.m in Sources */ = {isa = PBXBuildFile; fileRef = 8D4DF4A0274905D729103754 /* GCGIEvent.m */; };
		8D4DFBE9D59D6D10540929D9 /* StressTest.m in Sources */ = {isa = PBXBuildFile; fileRef = 8D4DF631979AC1601D7C667B /* StressTest.m */; };
		8D4DFBED156660514162CF1B /* NoGuard.m in Sources */ = {isa = PBXBuildFile; fileRef = 8D4DF0F2C106B53C14E00F14 /* NoGuard.m */; };
		8D4DFC4D1B6B709E33E227B1 /* GCObserverEntry.m in Sources */ = {isa = PBXBuildFile; fileRef = 8D4DFE2B6DB8ACF96245EE30 /* GCObserverEntry.m */; };
		8D4DFD50625BC1C0F655A570 /* ServerResponseGreater500Guard.m in Sources */ = {isa = PBXBuildFile; fileRef = 8D4DF75A427DF838B4F99A39 /* ServerResponseGreater500Guard.m */; };
		8D4DFD9597F98744BE202CAC /* ServerResponseCommand.m in Sources */ = {isa = PBXBuildFile; fileRef = 8D4DF84D166363EBA578FF2C /* ServerResponseCommand.m */; };
		8D4DFE427EE4A12267735209 /* GCGIExtension.m in Sources */ = {isa = PBXBuildFile; fileRef = 8D4DF5B30C5F56A834E3A06B /* GCGIExtension.m */; };
		8D4DFE50F6C4B13FA0408D65 /* GCDefaultEventBus.m in Sources */ = {isa = PBXBuildFile; fileRef = 8D4DF061569C48F6D9B96370 /* GCDefaultEventBus.m */; };
		8D4DFEC0FF93804C1C5A5D89 /* GreetingsExample.m in Sources */ = {isa = PBXBuildFile; fileRef = 8D4DF6A3BDEE4B7781A2C7A4 /* GreetingsExample.m */; };
		8D4DFEE10FEB16F097970085 /* GreetingCommand.m in Sources */ = {isa = PBXBuildFile; fileRef = 8D4DF36BCE3EBC7A7B1633C5 /* GreetingCommand.m */; };
		CBD97168168F695F00536DF9 /* UIKit.framework in Frameworks */ = {isa = PBXBuildFile; fileRef = CBD97167168F695F00536DF9 /* UIKit.framework */; };
		CBD9716A168F695F00536DF9 /* Foundation.framework in Frameworks */ = {isa = PBXBuildFile; fileRef = CBD97169168F695F00536DF9 /* Foundation.framework */; };
		CBD9716C168F695F00536DF9 /* CoreGraphics.framework in Frameworks */ = {isa = PBXBuildFile; fileRef = CBD9716B168F695F00536DF9 /* CoreGraphics.framework */; };
		CBD97172168F695F00536DF9 /* InfoPlist.strings in Resources */ = {isa = PBXBuildFile; fileRef = CBD97170168F695F00536DF9 /* InfoPlist.strings */; };
		CBD97174168F695F00536DF9 /* main.m in Sources */ = {isa = PBXBuildFile; fileRef = CBD97173168F695F00536DF9 /* main.m */; };
		CBD97178168F695F00536DF9 /* GCAppDelegate.m in Sources */ = {isa = PBXBuildFile; fileRef = CBD97177168F695F00536DF9 /* GCAppDelegate.m */; };
		CBD9717A168F695F00536DF9 /* Default.png in Resources */ = {isa = PBXBuildFile; fileRef = CBD97179168F695F00536DF9 /* Default.png */; };
		CBD9717C168F695F00536DF9 /* Default@2x.png in Resources */ = {isa = PBXBuildFile; fileRef = CBD9717B168F695F00536DF9 /* Default@2x.png */; };
		CBD9717E168F695F00536DF9 /* Default-568h@2x.png in Resources */ = {isa = PBXBuildFile; fileRef = CBD9717D168F695F00536DF9 /* Default-568h@2x.png */; };
		CBD97186168F695F00536DF9 /* SenTestingKit.framework in Frameworks */ = {isa = PBXBuildFile; fileRef = CBD97185168F695F00536DF9 /* SenTestingKit.framework */; };
		CBD97187168F695F00536DF9 /* UIKit.framework in Frameworks */ = {isa = PBXBuildFile; fileRef = CBD97167168F695F00536DF9 /* UIKit.framework */; };
		CBD97188168F695F00536DF9 /* Foundation.framework in Frameworks */ = {isa = PBXBuildFile; fileRef = CBD97169168F695F00536DF9 /* Foundation.framework */; };
		CBD97190168F695F00536DF9 /* InfoPlist.strings in Resources */ = {isa = PBXBuildFile; fileRef = CBD9718E168F695F00536DF9 /* InfoPlist.strings */; };
		ECEC700B6F7C48C0B826B6C3 /* libPods.a in Frameworks */ = {isa = PBXBuildFile; fileRef = 7DC06A0CCF2449F0A149381E /* libPods.a */; settings = {}; };
		EEEF012E6166450498372C50 /* libPods-Gummi CommanderTests.a in Frameworks */ = {isa = PBXBuildFile; fileRef = 89E6C92289EB4AC9AE335B72 /* libPods-Gummi CommanderTests.a */; };
/* End PBXBuildFile section */

/* Begin PBXContainerItemProxy section */
		CBD97189168F695F00536DF9 /* PBXContainerItemProxy */ = {
			isa = PBXContainerItemProxy;
			containerPortal = CBD9715A168F695F00536DF9 /* Project object */;
			proxyType = 1;
			remoteGlobalIDString = CBD97162168F695F00536DF9;
			remoteInfo = "Gummi Commander";
		};
/* End PBXContainerItemProxy section */

/* Begin PBXFileReference section */
		1D66CFD1DD524A1C9E12A437 /* Pods-Gummi CommanderTests.xcconfig */ = {isa = PBXFileReference; includeInIndex = 1; lastKnownFileType = text.xcconfig; name = "Pods-Gummi CommanderTests.xcconfig"; path = "Pods/Pods-Gummi CommanderTests.xcconfig"; sourceTree = SOURCE_ROOT; };
		7DC06A0CCF2449F0A149381E /* libPods.a */ = {isa = PBXFileReference; explicitFileType = archive.ar; includeInIndex = 0; name = libPods.a; path = libPods.a; sourceTree = BUILT_PRODUCTS_DIR; };
		89E6C92289EB4AC9AE335B72 /* libPods-Gummi CommanderTests.a */ = {isa = PBXFileReference; explicitFileType = archive.ar; includeInIndex = 0; path = "libPods-Gummi CommanderTests.a"; sourceTree = BUILT_PRODUCTS_DIR; };
		8D4DF061569C48F6D9B96370 /* GCDefaultEventBus.m */ = {isa = PBXFileReference; fileEncoding = 4; lastKnownFileType = sourcecode.c.objc; path = GCDefaultEventBus.m; sourceTree = "<group>"; };
		8D4DF06A9E39669CA8E88ADD /* ServiceModule.m */ = {isa = PBXFileReference; fileEncoding = 4; lastKnownFileType = sourcecode.c.objc; path = ServiceModule.m; sourceTree = "<group>"; };
		8D4DF0F2C106B53C14E00F14 /* NoGuard.m */ = {isa = PBXFileReference; fileEncoding = 4; lastKnownFileType = sourcecode.c.objc; path = NoGuard.m; sourceTree = "<group>"; };
		8D4DF10CF21EF42EB10C048B /* GreetingsModule.m */ = {isa = PBXFileReference; fileEncoding = 4; lastKnownFileType = sourcecode.c.objc; path = GreetingsModule.m; sourceTree = "<group>"; };
		8D4DF14516390213FAE8F595 /* ServiceExample.h */ = {isa = PBXFileReference; fileEncoding = 4; lastKnownFileType = sourcecode.c.h; path = ServiceExample.h; sourceTree = "<group>"; };
		8D4DF16F22B4B884F42E0DCE /* SomeObserver.h */ = {isa = PBXFileReference; fileEncoding = 4; lastKnownFileType = sourcecode.c.h; path = SomeObserver.h; sourceTree = "<group>"; };
		8D4DF201EA40A50BABA1E848 /* DependencyGuard.m */ = {isa = PBXFileReference; fileEncoding = 4; lastKnownFileType = sourcecode.c.objc; path = DependencyGuard.m; sourceTree = "<group>"; };
		8D4DF2231006D04E2DB1174D /* SomeOtherCommand.h */ = {isa = PBXFileReference; fileEncoding = 4; lastKnownFileType = sourcecode.c.h; path = SomeOtherCommand.h; sourceTree = "<group>"; };
		8D4DF239FDE7042ACB92192C /* GCGIExtension.h */ = {isa = PBXFileReference; fileEncoding = 4; lastKnownFileType = sourcecode.c.h; path = GCGIExtension.h; sourceTree = "<group>"; };
		8D4DF2DDE3EF70D6CE266CA0 /* GCMapping.m */ = {isa = PBXFileReference; fileEncoding = 4; lastKnownFileType = sourcecode.c.objc; path = GCMapping.m; sourceTree = "<group>"; };
		8D4DF35366B6D804BA6E2F06 /* SomeCommand.h */ = {isa = PBXFileReference; fileEncoding = 4; lastKnownFileType = sourcecode.c.h; path = SomeCommand.h; sourceTree = "<group>"; };
		8D4DF353C17D5CEC229CF36D /* GCEvent.h */ = {isa = PBXFileReference; fileEncoding = 4; lastKnownFileType = sourcecode.c.h; path = GCEvent.h; sourceTree = "<group>"; };
		8D4DF36BCE3EBC7A7B1633C5 /* GreetingCommand.m */ = {isa = PBXFileReference; fileEncoding = 4; lastKnownFileType = sourcecode.c.objc; path = GreetingCommand.m; sourceTree = "<group>"; };
		8D4DF3B4451CCC325096895F /* GCMapping.h */ = {isa = PBXFileReference; fileEncoding = 4; lastKnownFileType = sourcecode.c.h; path = GCMapping.h; sourceTree = "<group>"; };
		8D4DF3D38C48F812D2B3FBE8 /* ServerResponseGreater500Guard.h */ = {isa = PBXFileReference; fileEncoding = 4; lastKnownFileType = sourcecode.c.h; path = ServerResponseGreater500Guard.h; sourceTree = "<group>"; };
		8D4DF3FD7382190C4CDECA7F /* Model.h */ = {isa = PBXFileReference; fileEncoding = 4; lastKnownFileType = sourcecode.c.h; path = Model.h; sourceTree = "<group>"; };
		8D4DF4A0274905D729103754 /* GCGIEvent.m */ = {isa = PBXFileReference; fileEncoding = 4; lastKnownFileType = sourcecode.c.objc; path = GCGIEvent.m; sourceTree = "<group>"; };
		8D4DF4A1815CE6D144B4E67B /* SomeGuard.h */ = {isa = PBXFileReference; fileEncoding = 4; lastKnownFileType = sourcecode.c.h; path = SomeGuard.h; sourceTree = "<group>"; };
		8D4DF4BD59E982662E0E1F14 /* SomeGuard.m */ = {isa = PBXFileReference; fileEncoding = 4; lastKnownFileType = sourcecode.c.objc; path = SomeGuard.m; sourceTree = "<group>"; };
		8D4DF4D969528BF22D4F00EB /* SomeObject.m */ = {isa = PBXFileReference; fileEncoding = 4; lastKnownFileType = sourcecode.c.objc; path = SomeObject.m; sourceTree = "<group>"; };
		8D4DF50CC573AB4B8C3F45A1 /* YesGuard.h */ = {isa = PBXFileReference; fileEncoding = 4; lastKnownFileType = sourcecode.c.h; path = YesGuard.h; sourceTree = "<group>"; };
		8D4DF5A8A13AA2ED4A8516A5 /* GreetingEvent.m */ = {isa = PBXFileReference; fileEncoding = 4; lastKnownFileType = sourcecode.c.objc; path = GreetingEvent.m; sourceTree = "<group>"; };
		8D4DF5B30C5F56A834E3A06B /* GCGIExtension.m */ = {isa = PBXFileReference; fileEncoding = 4; lastKnownFileType = sourcecode.c.objc; path = GCGIExtension.m; sourceTree = "<group>"; };
		8D4DF5C15E929B5F9995C629 /* GCGICommandMap.m */ = {isa = PBXFileReference; fileEncoding = 4; lastKnownFileType = sourcecode.c.objc; path = GCGICommandMap.m; sourceTree = "<group>"; };
		8D4DF5D723590F81D6CDFFF3 /* GreetingsExample.h */ = {isa = PBXFileReference; fileEncoding = 4; lastKnownFileType = sourcecode.c.h; path = GreetingsExample.h; sourceTree = "<group>"; };
		8D4DF5F4627B6516AC0F4CC2 /* GCCommand.h */ = {isa = PBXFileReference; fileEncoding = 4; lastKnownFileType = sourcecode.c.h; path = GCCommand.h; sourceTree = "<group>"; };
		8D4DF6001230A68F78FC7FCF /* ServiceModule.h */ = {isa = PBXFileReference; fileEncoding = 4; lastKnownFileType = sourcecode.c.h; path = ServiceModule.h; sourceTree = "<group>"; };
		8D4DF631979AC1601D7C667B /* StressTest.m */ = {isa = PBXFileReference; fileEncoding = 4; lastKnownFileType = sourcecode.c.objc; path = StressTest.m; sourceTree = "<group>"; };
		8D4DF67EB906FC1E50CBB20C /* GCGIEvent.h */ = {isa = PBXFileReference; fileEncoding = 4; lastKnownFileType = sourcecode.c.h; path = GCGIEvent.h; sourceTree = "<group>"; };
		8D4DF6A3BDEE4B7781A2C7A4 /* GreetingsExample.m */ = {isa = PBXFileReference; fileEncoding = 4; lastKnownFileType = sourcecode.c.objc; path = GreetingsExample.m; sourceTree = "<group>"; };
		8D4DF6FE31D836FB13E0D937 /* SomeEvent.m */ = {isa = PBXFileReference; fileEncoding = 4; lastKnownFileType = sourcecode.c.objc; path = SomeEvent.m; sourceTree = "<group>"; };
		8D4DF70BC6CB8B204DFC871F /* GreetingCommand.h */ = {isa = PBXFileReference; fileEncoding = 4; lastKnownFileType = sourcecode.c.h; path = GreetingCommand.h; sourceTree = "<group>"; };
		8D4DF7106D0AE5BA90D8EDA5 /* YesGuard.m */ = {isa = PBXFileReference; fileEncoding = 4; lastKnownFileType = sourcecode.c.objc; path = YesGuard.m; sourceTree = "<group>"; };
		8D4DF73EFA01718942DE470D /* GCCommandMap.h */ = {isa = PBXFileReference; fileEncoding = 4; lastKnownFileType = sourcecode.c.h; path = GCCommandMap.h; sourceTree = "<group>"; };
		8D4DF75A427DF838B4F99A39 /* ServerResponseGreater500Guard.m */ = {isa = PBXFileReference; fileEncoding = 4; lastKnownFileType = sourcecode.c.objc; path = ServerResponseGreater500Guard.m; sourceTree = "<group>"; };
		8D4DF78A431BA6D45D4D1D3F /* SomeEvent.h */ = {isa = PBXFileReference; fileEncoding = 4; lastKnownFileType = sourcecode.c.h; path = SomeEvent.h; sourceTree = "<group>"; };
		8D4DF7E3A98FFC765D61CB0C /* GreetingEvent.h */ = {isa = PBXFileReference; fileEncoding = 4; lastKnownFileType = sourcecode.c.h; path = GreetingEvent.h; sourceTree = "<group>"; };
		8D4DF7F6BA0AA0352BE3B634 /* GummiCommander.m */ = {isa = PBXFileReference; fileEncoding = 4; lastKnownFileType = sourcecode.c.objc; path = GummiCommander.m; sourceTree = "<group>"; };
		8D4DF84D166363EBA578FF2C /* ServerResponseCommand.m */ = {isa = PBXFileReference; fileEncoding = 4; lastKnownFileType = sourcecode.c.objc; path = ServerResponseCommand.m; sourceTree = "<group>"; };
		8D4DF88B6467AD131F301D2C /* SomeObserver.m */ = {isa = PBXFileReference; fileEncoding = 4; lastKnownFileType = sourcecode.c.objc; path = SomeObserver.m; sourceTree = "<group>"; };
		8D4DF8A072B6FD1C29F22561 /* NoGuard.h */ = {isa = PBXFileReference; fileEncoding = 4; lastKnownFileType = sourcecode.c.h; path = NoGuard.h; sourceTree = "<group>"; };
		8D4DF8D0F6B20EC12002905A /* SomeCommand.m */ = {isa = PBXFileReference; fileEncoding = 4; lastKnownFileType = sourcecode.c.objc; path = SomeCommand.m; sourceTree = "<group>"; };
		8D4DF9043796B7B43239D763 /* GuardsSpec.m */ = {isa = PBXFileReference; fileEncoding = 4; lastKnownFileType = sourcecode.c.objc; path = GuardsSpec.m; sourceTree = "<group>"; };
		8D4DF92B09F45860C4FE090B /* ServerResponseEvent.h */ = {isa = PBXFileReference; fileEncoding = 4; lastKnownFileType = sourcecode.c.h; path = ServerResponseEvent.h; sourceTree = "<group>"; };
		8D4DFA4838C7514C608CF745 /* ServerResponseCommand.h */ = {isa = PBXFileReference; fileEncoding = 4; lastKnownFileType = sourcecode.c.h; path = ServerResponseCommand.h; sourceTree = "<group>"; };
		8D4DFA4DAA0E1A8E82E2B8ED /* Service.h */ = {isa = PBXFileReference; fileEncoding = 4; lastKnownFileType = sourcecode.c.h; path = Service.h; sourceTree = "<group>"; };
		8D4DFA7671F37E0FF082EA3A /* GCEventBus.h */ = {isa = PBXFileReference; fileEncoding = 4; lastKnownFileType = sourcecode.c.h; path = GCEventBus.h; sourceTree = "<group>"; };
		8D4DFAB9937374D4D904B035 /* GCGuard.h */ = {isa = PBXFileReference; fileEncoding = 4; lastKnownFileType = sourcecode.c.h; path = GCGuard.h; sourceTree = "<group>"; };
		8D4DFB44472B0195E36C0BBB /* GreetingsModule.h */ = {isa = PBXFileReference; fileEncoding = 4; lastKnownFileType = sourcecode.c.h; path = GreetingsModule.h; sourceTree = "<group>"; };
		8D4DFB5E39ADA09414937048 /* ServiceExample.m */ = {isa = PBXFileReference; fileEncoding = 4; lastKnownFileType = sourcecode.c.objc; path = ServiceExample.m; sourceTree = "<group>"; };
		8D4DFB8694F840C1EE1DABF6 /* GCGICommandMap.h */ = {isa = PBXFileReference; fileEncoding = 4; lastKnownFileType = sourcecode.c.h; path = GCGICommandMap.h; sourceTree = "<group>"; };
		8D4DFCB011C9F011D25C2AD5 /* DependencyGuard.h */ = {isa = PBXFileReference; fileEncoding = 4; lastKnownFileType = sourcecode.c.h; path = DependencyGuard.h; sourceTree = "<group>"; };
		8D4DFCB01483F90357C4DBB3 /* Service.m */ = {isa = PBXFileReference; fileEncoding = 4; lastKnownFileType = sourcecode.c.objc; path = Service.m; sourceTree = "<group>"; };
		8D4DFCBD28F6842572FFBB9F /* GummiCommander.h */ = {isa = PBXFileReference; fileEncoding = 4; lastKnownFileType = sourcecode.c.h; path = GummiCommander.h; sourceTree = "<group>"; };
		8D4DFCE1DE7529658EC758AF /* SomeOtherCommand.m */ = {isa = PBXFileReference; fileEncoding = 4; lastKnownFileType = sourcecode.c.objc; path = SomeOtherCommand.m; sourceTree = "<group>"; };
		8D4DFD275AF17D62DE74A144 /* GCObserverEntry.h */ = {isa = PBXFileReference; fileEncoding = 4; lastKnownFileType = sourcecode.c.h; path = GCObserverEntry.h; sourceTree = "<group>"; };
		8D4DFD98E0190EA4AE082B14 /* GCDefaultEventBus.h */ = {isa = PBXFileReference; fileEncoding = 4; lastKnownFileType = sourcecode.c.h; path = GCDefaultEventBus.h; sourceTree = "<group>"; };
		8D4DFE16521A5101F67F19C1 /* ServerResponseEvent.m */ = {isa = PBXFileReference; fileEncoding = 4; lastKnownFileType = sourcecode.c.objc; path = ServerResponseEvent.m; sourceTree = "<group>"; };
		8D4DFE2B6DB8ACF96245EE30 /* GCObserverEntry.m */ = {isa = PBXFileReference; fileEncoding = 4; lastKnownFileType = sourcecode.c.objc; path = GCObserverEntry.m; sourceTree = "<group>"; };
		8D4DFEC651CB336A4CBBCE30 /* GCGICommandMapSpec.m */ = {isa = PBXFileReference; fileEncoding = 4; lastKnownFileType = sourcecode.c.objc; path = GCGICommandMapSpec.m; sourceTree = "<group>"; };
		8D4DFEDA41F6071737C086DD /* GCDefaultEventBusSpec.m */ = {isa = PBXFileReference; fileEncoding = 4; lastKnownFileType = sourcecode.c.objc; path = GCDefaultEventBusSpec.m; sourceTree = "<group>"; };
		8D4DFF80AAB345B12B45C05A /* Model.m */ = {isa = PBXFileReference; fileEncoding = 4; lastKnownFileType = sourcecode.c.objc; path = Model.m; sourceTree = "<group>"; };
		8D4DFFF9E4233E36D40D09D1 /* GummiCommanderSpec.m */ = {isa = PBXFileReference; fileEncoding = 4; lastKnownFileType = sourcecode.c.objc; path = GummiCommanderSpec.m; sourceTree = "<group>"; };
		8D4DFFFCFB5474D5175F2E84 /* SomeObject.h */ = {isa = PBXFileReference; fileEncoding = 4; lastKnownFileType = sourcecode.c.h; path = SomeObject.h; sourceTree = "<group>"; };
		CBD97163168F695F00536DF9 /* Gummi Commander.app */ = {isa = PBXFileReference; explicitFileType = wrapper.application; includeInIndex = 0; path = "Gummi Commander.app"; sourceTree = BUILT_PRODUCTS_DIR; };
		CBD97167168F695F00536DF9 /* UIKit.framework */ = {isa = PBXFileReference; lastKnownFileType = wrapper.framework; name = UIKit.framework; path = System/Library/Frameworks/UIKit.framework; sourceTree = SDKROOT; };
		CBD97169168F695F00536DF9 /* Foundation.framework */ = {isa = PBXFileReference; lastKnownFileType = wrapper.framework; name = Foundation.framework; path = System/Library/Frameworks/Foundation.framework; sourceTree = SDKROOT; };
		CBD9716B168F695F00536DF9 /* CoreGraphics.framework */ = {isa = PBXFileReference; lastKnownFileType = wrapper.framework; name = CoreGraphics.framework; path = System/Library/Frameworks/CoreGraphics.framework; sourceTree = SDKROOT; };
		CBD9716F168F695F00536DF9 /* Gummi Commander-Info.plist */ = {isa = PBXFileReference; lastKnownFileType = text.plist.xml; path = "Gummi Commander-Info.plist"; sourceTree = "<group>"; };
		CBD97171168F695F00536DF9 /* en */ = {isa = PBXFileReference; lastKnownFileType = text.plist.strings; name = en; path = en.lproj/InfoPlist.strings; sourceTree = "<group>"; };
		CBD97173168F695F00536DF9 /* main.m */ = {isa = PBXFileReference; lastKnownFileType = sourcecode.c.objc; path = main.m; sourceTree = "<group>"; };
		CBD97175168F695F00536DF9 /* Gummi Commander-Prefix.pch */ = {isa = PBXFileReference; lastKnownFileType = sourcecode.c.h; path = "Gummi Commander-Prefix.pch"; sourceTree = "<group>"; };
		CBD97176168F695F00536DF9 /* GCAppDelegate.h */ = {isa = PBXFileReference; lastKnownFileType = sourcecode.c.h; path = GCAppDelegate.h; sourceTree = "<group>"; };
		CBD97177168F695F00536DF9 /* GCAppDelegate.m */ = {isa = PBXFileReference; lastKnownFileType = sourcecode.c.objc; path = GCAppDelegate.m; sourceTree = "<group>"; };
		CBD97179168F695F00536DF9 /* Default.png */ = {isa = PBXFileReference; lastKnownFileType = image.png; path = Default.png; sourceTree = "<group>"; };
		CBD9717B168F695F00536DF9 /* Default@2x.png */ = {isa = PBXFileReference; lastKnownFileType = image.png; path = "Default@2x.png"; sourceTree = "<group>"; };
		CBD9717D168F695F00536DF9 /* Default-568h@2x.png */ = {isa = PBXFileReference; lastKnownFileType = image.png; path = "Default-568h@2x.png"; sourceTree = "<group>"; };
		CBD97184168F695F00536DF9 /* Gummi CommanderTests.octest */ = {isa = PBXFileReference; explicitFileType = wrapper.cfbundle; includeInIndex = 0; path = "Gummi CommanderTests.octest"; sourceTree = BUILT_PRODUCTS_DIR; };
		CBD97185168F695F00536DF9 /* SenTestingKit.framework */ = {isa = PBXFileReference; lastKnownFileType = wrapper.framework; name = SenTestingKit.framework; path = Library/Frameworks/SenTestingKit.framework; sourceTree = DEVELOPER_DIR; };
		CBD9718D168F695F00536DF9 /* Gummi CommanderTests-Info.plist */ = {isa = PBXFileReference; lastKnownFileType = text.plist.xml; path = "Gummi CommanderTests-Info.plist"; sourceTree = "<group>"; };
		CBD9718F168F695F00536DF9 /* en */ = {isa = PBXFileReference; lastKnownFileType = text.plist.strings; name = en; path = en.lproj/InfoPlist.strings; sourceTree = "<group>"; };
		D6D7E44A169548D38571C315 /* Pods.xcconfig */ = {isa = PBXFileReference; includeInIndex = 1; lastKnownFileType = text.xcconfig; name = Pods.xcconfig; path = Pods/Pods.xcconfig; sourceTree = SOURCE_ROOT; };
/* End PBXFileReference section */

/* Begin PBXFrameworksBuildPhase section */
		CBD97160168F695F00536DF9 /* Frameworks */ = {
			isa = PBXFrameworksBuildPhase;
			buildActionMask = 2147483647;
			files = (
				CBD97168168F695F00536DF9 /* UIKit.framework in Frameworks */,
				CBD9716A168F695F00536DF9 /* Foundation.framework in Frameworks */,
				CBD9716C168F695F00536DF9 /* CoreGraphics.framework in Frameworks */,
				ECEC700B6F7C48C0B826B6C3 /* libPods.a in Frameworks */,
			);
			runOnlyForDeploymentPostprocessing = 0;
		};
		CBD97180168F695F00536DF9 /* Frameworks */ = {
			isa = PBXFrameworksBuildPhase;
			buildActionMask = 2147483647;
			files = (
				CBD97186168F695F00536DF9 /* SenTestingKit.framework in Frameworks */,
				CBD97187168F695F00536DF9 /* UIKit.framework in Frameworks */,
				CBD97188168F695F00536DF9 /* Foundation.framework in Frameworks */,
				EEEF012E6166450498372C50 /* libPods-Gummi CommanderTests.a in Frameworks */,
			);
			runOnlyForDeploymentPostprocessing = 0;
		};
/* End PBXFrameworksBuildPhase section */

/* Begin PBXGroup section */
		8D4DF0C18E89BC8E0E330E56 /* Api */ = {
			isa = PBXGroup;
			children = (
				8D4DF5F4627B6516AC0F4CC2 /* GCCommand.h */,
				8D4DF353C17D5CEC229CF36D /* GCEvent.h */,
				8D4DFA7671F37E0FF082EA3A /* GCEventBus.h */,
				8D4DFAB9937374D4D904B035 /* GCGuard.h */,
				8D4DF73EFA01718942DE470D /* GCCommandMap.h */,
			);
			path = Api;
			sourceTree = "<group>";
		};
		8D4DF0C486EE84A6FB55A951 /* Guards */ = {
			isa = PBXGroup;
			children = (
				8D4DF3D38C48F812D2B3FBE8 /* ServerResponseGreater500Guard.h */,
				8D4DF75A427DF838B4F99A39 /* ServerResponseGreater500Guard.m */,
			);
			path = Guards;
			sourceTree = "<group>";
		};
		8D4DF1513D481383F745BA86 /* Service */ = {
			isa = PBXGroup;
			children = (
				8D4DFA4DAA0E1A8E82E2B8ED /* Service.h */,
				8D4DFCB01483F90357C4DBB3 /* Service.m */,
			);
			path = Service;
			sourceTree = "<group>";
		};
		8D4DF18B9A3DE76F80D2826F /* Classes */ = {
			isa = PBXGroup;
			children = (
				8D4DFCB011C9F011D25C2AD5 /* DependencyGuard.h */,
				8D4DF201EA40A50BABA1E848 /* DependencyGuard.m */,
				8D4DF8A072B6FD1C29F22561 /* NoGuard.h */,
				8D4DF0F2C106B53C14E00F14 /* NoGuard.m */,
				8D4DF35366B6D804BA6E2F06 /* SomeCommand.h */,
				8D4DF8D0F6B20EC12002905A /* SomeCommand.m */,
				8D4DF78A431BA6D45D4D1D3F /* SomeEvent.h */,
				8D4DF6FE31D836FB13E0D937 /* SomeEvent.m */,
				8D4DF4A1815CE6D144B4E67B /* SomeGuard.h */,
				8D4DF4BD59E982662E0E1F14 /* SomeGuard.m */,
				8D4DFFFCFB5474D5175F2E84 /* SomeObject.h */,
				8D4DF4D969528BF22D4F00EB /* SomeObject.m */,
				8D4DF16F22B4B884F42E0DCE /* SomeObserver.h */,
				8D4DF88B6467AD131F301D2C /* SomeObserver.m */,
				8D4DF2231006D04E2DB1174D /* SomeOtherCommand.h */,
				8D4DFCE1DE7529658EC758AF /* SomeOtherCommand.m */,
				8D4DF50CC573AB4B8C3F45A1 /* YesGuard.h */,
				8D4DF7106D0AE5BA90D8EDA5 /* YesGuard.m */,
			);
			path = Classes;
			sourceTree = "<group>";
		};
		8D4DF46A70E36AB6B08A759B /* Gummi Injection */ = {
			isa = PBXGroup;
			children = (
				8D4DF67EB906FC1E50CBB20C /* GCGIEvent.h */,
				8D4DF4A0274905D729103754 /* GCGIEvent.m */,
				8D4DFB8694F840C1EE1DABF6 /* GCGICommandMap.h */,
				8D4DF5C15E929B5F9995C629 /* GCGICommandMap.m */,
				8D4DF239FDE7042ACB92192C /* GCGIExtension.h */,
				8D4DF5B30C5F56A834E3A06B /* GCGIExtension.m */,
				8D4DF7F6BA0AA0352BE3B634 /* GummiCommander.m */,
				8D4DFCBD28F6842572FFBB9F /* GummiCommander.h */,
			);
			path = "Gummi Injection";
			sourceTree = "<group>";
		};
		8D4DF4DA9918A0B9032097C8 /* Examples */ = {
			isa = PBXGroup;
			children = (
				8D4DFD9EAD6163A5815BEB06 /* Greetings */,
				8D4DF9096DDCD1BD7911F0C5 /* ServiceExample */,
			);
			path = Examples;
			sourceTree = "<group>";
		};
		8D4DF54B5F50EC2974E5B6BA /* Events */ = {
			isa = PBXGroup;
			children = (
				8D4DF7E3A98FFC765D61CB0C /* GreetingEvent.h */,
				8D4DF5A8A13AA2ED4A8516A5 /* GreetingEvent.m */,
			);
			path = Events;
			sourceTree = "<group>";
		};
		8D4DF6408C615A37ED11A6D7 /* Model */ = {
			isa = PBXGroup;
			children = (
				8D4DF3FD7382190C4CDECA7F /* Model.h */,
				8D4DFF80AAB345B12B45C05A /* Model.m */,
			);
			path = Model;
			sourceTree = "<group>";
		};
		8D4DF7E8FF540F23EE8CC57E /* Impl */ = {
			isa = PBXGroup;
			children = (
				8D4DF3B4451CCC325096895F /* GCMapping.h */,
				8D4DF2DDE3EF70D6CE266CA0 /* GCMapping.m */,
				8D4DF46A70E36AB6B08A759B /* Gummi Injection */,
				8D4DFD98E0190EA4AE082B14 /* GCDefaultEventBus.h */,
				8D4DF061569C48F6D9B96370 /* GCDefaultEventBus.m */,
				8D4DFE2B6DB8ACF96245EE30 /* GCObserverEntry.m */,
				8D4DFD275AF17D62DE74A144 /* GCObserverEntry.h */,
			);
			path = Impl;
			sourceTree = "<group>";
		};
		8D4DF9096DDCD1BD7911F0C5 /* ServiceExample */ = {
			isa = PBXGroup;
			children = (
				8D4DF9E06DD2381FBA08FF91 /* Commands */,
				8D4DFEC20589F17E0B638551 /* Events */,
				8D4DF0C486EE84A6FB55A951 /* Guards */,
				8D4DF6408C615A37ED11A6D7 /* Model */,
				8D4DF1513D481383F745BA86 /* Service */,
				8D4DF14516390213FAE8F595 /* ServiceExample.h */,
				8D4DFB5E39ADA09414937048 /* ServiceExample.m */,
				8D4DF6001230A68F78FC7FCF /* ServiceModule.h */,
				8D4DF06A9E39669CA8E88ADD /* ServiceModule.m */,
			);
			path = ServiceExample;
			sourceTree = "<group>";
		};
		8D4DF9E06DD2381FBA08FF91 /* Commands */ = {
			isa = PBXGroup;
			children = (
				8D4DFA4838C7514C608CF745 /* ServerResponseCommand.h */,
				8D4DF84D166363EBA578FF2C /* ServerResponseCommand.m */,
			);
			path = Commands;
			sourceTree = "<group>";
		};
		8D4DFD9EAD6163A5815BEB06 /* Greetings */ = {
			isa = PBXGroup;
			children = (
				8D4DFF24E9D02345F31B91CA /* Commands */,
				8D4DF54B5F50EC2974E5B6BA /* Events */,
				8D4DF5D723590F81D6CDFFF3 /* GreetingsExample.h */,
				8D4DF6A3BDEE4B7781A2C7A4 /* GreetingsExample.m */,
				8D4DFB44472B0195E36C0BBB /* GreetingsModule.h */,
				8D4DF10CF21EF42EB10C048B /* GreetingsModule.m */,
			);
			path = Greetings;
			sourceTree = "<group>";
		};
		8D4DFEC20589F17E0B638551 /* Events */ = {
			isa = PBXGroup;
			children = (
				8D4DF92B09F45860C4FE090B /* ServerResponseEvent.h */,
				8D4DFE16521A5101F67F19C1 /* ServerResponseEvent.m */,
			);
			path = Events;
			sourceTree = "<group>";
		};
		8D4DFEE52178817592092B7D /* Classes */ = {
			isa = PBXGroup;
			children = (
				8D4DF7E8FF540F23EE8CC57E /* Impl */,
				8D4DF0C18E89BC8E0E330E56 /* Api */,
			);
			path = Classes;
			sourceTree = "<group>";
		};
		8D4DFF24E9D02345F31B91CA /* Commands */ = {
			isa = PBXGroup;
			children = (
				8D4DF70BC6CB8B204DFC871F /* GreetingCommand.h */,
				8D4DF36BCE3EBC7A7B1633C5 /* GreetingCommand.m */,
			);
			path = Commands;
			sourceTree = "<group>";
		};
		CBD97158168F695F00536DF9 = {
			isa = PBXGroup;
			children = (
				CBD9716D168F695F00536DF9 /* Gummi Commander */,
				CBD9718B168F695F00536DF9 /* Gummi CommanderTests */,
				CBD97166168F695F00536DF9 /* Frameworks */,
				CBD97164168F695F00536DF9 /* Products */,
				1D66CFD1DD524A1C9E12A437 /* Pods-Gummi CommanderTests.xcconfig */,
				8D4DF4DA9918A0B9032097C8 /* Examples */,
				D6D7E44A169548D38571C315 /* Pods.xcconfig */,
			);
			sourceTree = "<group>";
		};
		CBD97164168F695F00536DF9 /* Products */ = {
			isa = PBXGroup;
			children = (
				CBD97163168F695F00536DF9 /* Gummi Commander.app */,
				CBD97184168F695F00536DF9 /* Gummi CommanderTests.octest */,
			);
			name = Products;
			sourceTree = "<group>";
		};
		CBD97166168F695F00536DF9 /* Frameworks */ = {
			isa = PBXGroup;
			children = (
				CBD97167168F695F00536DF9 /* UIKit.framework */,
				CBD97169168F695F00536DF9 /* Foundation.framework */,
				CBD9716B168F695F00536DF9 /* CoreGraphics.framework */,
				CBD97185168F695F00536DF9 /* SenTestingKit.framework */,
				89E6C92289EB4AC9AE335B72 /* libPods-Gummi CommanderTests.a */,
				7DC06A0CCF2449F0A149381E /* libPods.a */,
			);
			name = Frameworks;
			sourceTree = "<group>";
		};
		CBD9716D168F695F00536DF9 /* Gummi Commander */ = {
			isa = PBXGroup;
			children = (
				CBD97176168F695F00536DF9 /* GCAppDelegate.h */,
				CBD97177168F695F00536DF9 /* GCAppDelegate.m */,
				CBD9716E168F695F00536DF9 /* Supporting Files */,
				8D4DFEE52178817592092B7D /* Classes */,
			);
			path = "Gummi Commander";
			sourceTree = "<group>";
		};
		CBD9716E168F695F00536DF9 /* Supporting Files */ = {
			isa = PBXGroup;
			children = (
				CBD9716F168F695F00536DF9 /* Gummi Commander-Info.plist */,
				CBD97170168F695F00536DF9 /* InfoPlist.strings */,
				CBD97173168F695F00536DF9 /* main.m */,
				CBD97175168F695F00536DF9 /* Gummi Commander-Prefix.pch */,
				CBD97179168F695F00536DF9 /* Default.png */,
				CBD9717B168F695F00536DF9 /* Default@2x.png */,
				CBD9717D168F695F00536DF9 /* Default-568h@2x.png */,
			);
			name = "Supporting Files";
			sourceTree = "<group>";
		};
		CBD9718B168F695F00536DF9 /* Gummi CommanderTests */ = {
			isa = PBXGroup;
			children = (
				CBD9718C168F695F00536DF9 /* Supporting Files */,
				8D4DF9043796B7B43239D763 /* GuardsSpec.m */,
				8D4DFFF9E4233E36D40D09D1 /* GummiCommanderSpec.m */,
				8D4DFEDA41F6071737C086DD /* GCDefaultEventBusSpec.m */,
				8D4DFEC651CB336A4CBBCE30 /* GCGICommandMapSpec.m */,
				8D4DF631979AC1601D7C667B /* StressTest.m */,
				8D4DF18B9A3DE76F80D2826F /* Classes */,
			);
			path = "Gummi CommanderTests";
			sourceTree = "<group>";
		};
		CBD9718C168F695F00536DF9 /* Supporting Files */ = {
			isa = PBXGroup;
			children = (
				CBD9718D168F695F00536DF9 /* Gummi CommanderTests-Info.plist */,
				CBD9718E168F695F00536DF9 /* InfoPlist.strings */,
			);
			name = "Supporting Files";
			sourceTree = "<group>";
		};
/* End PBXGroup section */

/* Begin PBXNativeTarget section */
		CBD97162168F695F00536DF9 /* Gummi Commander */ = {
			isa = PBXNativeTarget;
			buildConfigurationList = CBD97196168F695F00536DF9 /* Build configuration list for PBXNativeTarget "Gummi Commander" */;
			buildPhases = (
				CBD9715F168F695F00536DF9 /* Sources */,
				CBD97160168F695F00536DF9 /* Frameworks */,
				CBD97161168F695F00536DF9 /* Resources */,
				84607013A5CE41A1AE8EF7CE /* Copy Pods Resources */,
			);
			buildRules = (
			);
			dependencies = (
			);
			name = "Gummi Commander";
			productName = "Gummi Commander";
			productReference = CBD97163168F695F00536DF9 /* Gummi Commander.app */;
			productType = "com.apple.product-type.application";
		};
		CBD97183168F695F00536DF9 /* Gummi CommanderTests */ = {
			isa = PBXNativeTarget;
			buildConfigurationList = CBD97199168F695F00536DF9 /* Build configuration list for PBXNativeTarget "Gummi CommanderTests" */;
			buildPhases = (
				CBD9717F168F695F00536DF9 /* Sources */,
				CBD97180168F695F00536DF9 /* Frameworks */,
				CBD97181168F695F00536DF9 /* Resources */,
				CBD97182168F695F00536DF9 /* ShellScript */,
				607364669000431BBF35D2CB /* Copy Pods Resources */,
			);
			buildRules = (
			);
			dependencies = (
				CBD9718A168F695F00536DF9 /* PBXTargetDependency */,
			);
			name = "Gummi CommanderTests";
			productName = "Gummi CommanderTests";
			productReference = CBD97184168F695F00536DF9 /* Gummi CommanderTests.octest */;
			productType = "com.apple.product-type.bundle";
		};
/* End PBXNativeTarget section */

/* Begin PBXProject section */
		CBD9715A168F695F00536DF9 /* Project object */ = {
			isa = PBXProject;
			attributes = {
				CLASSPREFIX = GC;
				LastUpgradeCheck = 0450;
				ORGANIZATIONNAME = "Simon Schmid";
			};
			buildConfigurationList = CBD9715D168F695F00536DF9 /* Build configuration list for PBXProject "Gummi Commander" */;
			compatibilityVersion = "Xcode 3.2";
			developmentRegion = English;
			hasScannedForEncodings = 0;
			knownRegions = (
				en,
			);
			mainGroup = CBD97158168F695F00536DF9;
			productRefGroup = CBD97164168F695F00536DF9 /* Products */;
			projectDirPath = "";
			projectReferences = (
			);
			projectRoot = "";
			targets = (
				CBD97162168F695F00536DF9 /* Gummi Commander */,
				CBD97183168F695F00536DF9 /* Gummi CommanderTests */,
			);
		};
/* End PBXProject section */

/* Begin PBXResourcesBuildPhase section */
		CBD97161168F695F00536DF9 /* Resources */ = {
			isa = PBXResourcesBuildPhase;
			buildActionMask = 2147483647;
			files = (
				CBD97172168F695F00536DF9 /* InfoPlist.strings in Resources */,
				CBD9717A168F695F00536DF9 /* Default.png in Resources */,
				CBD9717C168F695F00536DF9 /* Default@2x.png in Resources */,
				CBD9717E168F695F00536DF9 /* Default-568h@2x.png in Resources */,
			);
			runOnlyForDeploymentPostprocessing = 0;
		};
		CBD97181168F695F00536DF9 /* Resources */ = {
			isa = PBXResourcesBuildPhase;
			buildActionMask = 2147483647;
			files = (
				CBD97190168F695F00536DF9 /* InfoPlist.strings in Resources */,
			);
			runOnlyForDeploymentPostprocessing = 0;
		};
/* End PBXResourcesBuildPhase section */

/* Begin PBXShellScriptBuildPhase section */
		607364669000431BBF35D2CB /* Copy Pods Resources */ = {
			isa = PBXShellScriptBuildPhase;
			buildActionMask = 2147483647;
			files = (
			);
			inputPaths = (
			);
			name = "Copy Pods Resources";
			outputPaths = (
			);
			runOnlyForDeploymentPostprocessing = 0;
			shellPath = /bin/sh;
			shellScript = "\"${SRCROOT}/Pods/Pods-Gummi CommanderTests-resources.sh\"\n";
		};
		84607013A5CE41A1AE8EF7CE /* Copy Pods Resources */ = {
			isa = PBXShellScriptBuildPhase;
			buildActionMask = 2147483647;
			files = (
			);
			inputPaths = (
			);
			name = "Copy Pods Resources";
			outputPaths = (
			);
			runOnlyForDeploymentPostprocessing = 0;
			shellPath = /bin/sh;
			shellScript = "\"${SRCROOT}/Pods/Pods-resources.sh\"\n";
			showEnvVarsInLog = 1;
		};
		CBD97182168F695F00536DF9 /* ShellScript */ = {
			isa = PBXShellScriptBuildPhase;
			buildActionMask = 2147483647;
			files = (
			);
			inputPaths = (
			);
			outputPaths = (
			);
			runOnlyForDeploymentPostprocessing = 0;
			shellPath = /bin/sh;
			shellScript = "# Run the unit tests in this test bundle.\n\"${SYSTEM_DEVELOPER_DIR}/Tools/RunUnitTests\"\n";
		};
/* End PBXShellScriptBuildPhase section */

/* Begin PBXSourcesBuildPhase section */
		CBD9715F168F695F00536DF9 /* Sources */ = {
			isa = PBXSourcesBuildPhase;
			buildActionMask = 2147483647;
			files = (
				CBD97174168F695F00536DF9 /* main.m in Sources */,
				CBD97178168F695F00536DF9 /* GCAppDelegate.m in Sources */,
				8D4DF0D7826E8E8FF8092741 /* GummiCommander.m in Sources */,
				8D4DF71648D578F7D64A6192 /* GCMapping.m in Sources */,
				8D4DFE427EE4A12267735209 /* GCGIExtension.m in Sources */,
				8D4DFBCCDA4C91031B728BD5 /* GCGICommandMap.m in Sources */,
				8D4DFBE5A25A879C5E52755F /* GCGIEvent.m in Sources */,
				8D4DFE50F6C4B13FA0408D65 /* GCDefaultEventBus.m in Sources */,
				8D4DFC4D1B6B709E33E227B1 /* GCObserverEntry.m in Sources */,
				8D4DFEE10FEB16F097970085 /* GreetingCommand.m in Sources */,
				8D4DF24C124BC271A56FCFB4 /* GreetingEvent.m in Sources */,
				8D4DFEC0FF93804C1C5A5D89 /* GreetingsExample.m in Sources */,
				8D4DF3906878A7D51449DB13 /* GreetingsModule.m in Sources */,
				8D4DFD9597F98744BE202CAC /* ServerResponseCommand.m in Sources */,
				8D4DF1F15683F7E25BDA79F9 /* ServerResponseEvent.m in Sources */,
				8D4DFD50625BC1C0F655A570 /* ServerResponseGreater500Guard.m in Sources */,
				8D4DF5D1FF762399147BC616 /* Model.m in Sources */,
				8D4DF51F7E1CCD9563D17097 /* Service.m in Sources */,
				8D4DF17B019508C695E5FE59 /* ServiceExample.m in Sources */,
				8D4DF7F76F06F505648940BD /* ServiceModule.m in Sources */,
			);
			runOnlyForDeploymentPostprocessing = 0;
		};
		CBD9717F168F695F00536DF9 /* Sources */ = {
			isa = PBXSourcesBuildPhase;
			buildActionMask = 2147483647;
			files = (
				8D4DF31C8BAE8864988B5287 /* GuardsSpec.m in Sources */,
				8D4DF619B048FB996E98C1DF /* GummiCommanderSpec.m in Sources */,
				8D4DF630BC0D51300CA2D684 /* GCDefaultEventBusSpec.m in Sources */,
				8D4DF44B8BE60AC2795E2922 /* GCGICommandMapSpec.m in Sources */,
				8D4DFBE9D59D6D10540929D9 /* StressTest.m in Sources */,
				8D4DF7D430896BCCE60A8856 /* DependencyGuard.m in Sources */,
				8D4DFBED156660514162CF1B /* NoGuard.m in Sources */,
				8D4DF099B7A8C29C97F586E8 /* SomeCommand.m in Sources */,
				8D4DF8705B696419DFE9D545 /* SomeEvent.m in Sources */,
				8D4DF60678FB3AA53F16D192 /* SomeGuard.m in Sources */,
				8D4DF7D739139AD586A3594E /* SomeObject.m in Sources */,
				8D4DF6841994D72395ECB3DB /* SomeObserver.m in Sources */,
				8D4DF5F93A6C493AA6BB36B4 /* SomeOtherCommand.m in Sources */,
				8D4DFAFA251AAFE922BB08BC /* YesGuard.m in Sources */,
			);
			runOnlyForDeploymentPostprocessing = 0;
		};
/* End PBXSourcesBuildPhase section */

/* Begin PBXTargetDependency section */
		CBD9718A168F695F00536DF9 /* PBXTargetDependency */ = {
			isa = PBXTargetDependency;
			target = CBD97162168F695F00536DF9 /* Gummi Commander */;
			targetProxy = CBD97189168F695F00536DF9 /* PBXContainerItemProxy */;
		};
/* End PBXTargetDependency section */

/* Begin PBXVariantGroup section */
		CBD97170168F695F00536DF9 /* InfoPlist.strings */ = {
			isa = PBXVariantGroup;
			children = (
				CBD97171168F695F00536DF9 /* en */,
			);
			name = InfoPlist.strings;
			sourceTree = "<group>";
		};
		CBD9718E168F695F00536DF9 /* InfoPlist.strings */ = {
			isa = PBXVariantGroup;
			children = (
				CBD9718F168F695F00536DF9 /* en */,
			);
			name = InfoPlist.strings;
			sourceTree = "<group>";
		};
/* End PBXVariantGroup section */

/* Begin XCBuildConfiguration section */
		CBD97194168F695F00536DF9 /* Debug */ = {
			isa = XCBuildConfiguration;
			buildSettings = {
				ALWAYS_SEARCH_USER_PATHS = NO;
				CLANG_CXX_LANGUAGE_STANDARD = "gnu++0x";
				CLANG_CXX_LIBRARY = "libc++";
				CLANG_ENABLE_OBJC_ARC = YES;
				CLANG_WARN_EMPTY_BODY = YES;
				CLANG_WARN__DUPLICATE_METHOD_MATCH = YES;
				"CODE_SIGN_IDENTITY[sdk=iphoneos*]" = "iPhone Developer";
				COPY_PHASE_STRIP = NO;
				GCC_C_LANGUAGE_STANDARD = gnu99;
				GCC_DYNAMIC_NO_PIC = NO;
				GCC_OPTIMIZATION_LEVEL = 0;
				GCC_PREPROCESSOR_DEFINITIONS = (
					"DEBUG=1",
					"$(inherited)",
				);
				GCC_SYMBOLS_PRIVATE_EXTERN = NO;
				GCC_WARN_ABOUT_RETURN_TYPE = YES;
				GCC_WARN_UNINITIALIZED_AUTOS = YES;
				GCC_WARN_UNUSED_VARIABLE = YES;
				IPHONEOS_DEPLOYMENT_TARGET = 6.0;
				ONLY_ACTIVE_ARCH = YES;
				SDKROOT = iphoneos;
				TARGETED_DEVICE_FAMILY = "1,2";
			};
			name = Debug;
		};
		CBD97195168F695F00536DF9 /* Release */ = {
			isa = XCBuildConfiguration;
			buildSettings = {
				ALWAYS_SEARCH_USER_PATHS = NO;
				CLANG_CXX_LANGUAGE_STANDARD = "gnu++0x";
				CLANG_CXX_LIBRARY = "libc++";
				CLANG_ENABLE_OBJC_ARC = YES;
				CLANG_WARN_EMPTY_BODY = YES;
				CLANG_WARN__DUPLICATE_METHOD_MATCH = YES;
				"CODE_SIGN_IDENTITY[sdk=iphoneos*]" = "iPhone Developer";
				COPY_PHASE_STRIP = YES;
				GCC_C_LANGUAGE_STANDARD = gnu99;
				GCC_WARN_ABOUT_RETURN_TYPE = YES;
				GCC_WARN_UNINITIALIZED_AUTOS = YES;
				GCC_WARN_UNUSED_VARIABLE = YES;
				IPHONEOS_DEPLOYMENT_TARGET = 6.0;
				OTHER_CFLAGS = "-DNS_BLOCK_ASSERTIONS=1";
				SDKROOT = iphoneos;
				TARGETED_DEVICE_FAMILY = "1,2";
				VALIDATE_PRODUCT = YES;
			};
			name = Release;
		};
		CBD97197168F695F00536DF9 /* Debug */ = {
			isa = XCBuildConfiguration;
			baseConfigurationReference = D6D7E44A169548D38571C315 /* Pods.xcconfig */;
			buildSettings = {
				GCC_PRECOMPILE_PREFIX_HEADER = YES;
				GCC_PREFIX_HEADER = "Gummi Commander/Gummi Commander-Prefix.pch";
				INFOPLIST_FILE = "Gummi Commander/Gummi Commander-Info.plist";
				PRODUCT_NAME = "$(TARGET_NAME)";
				WRAPPER_EXTENSION = app;
			};
			name = Debug;
		};
		CBD97198168F695F00536DF9 /* Release */ = {
			isa = XCBuildConfiguration;
			baseConfigurationReference = D6D7E44A169548D38571C315 /* Pods.xcconfig */;
			buildSettings = {
				GCC_PRECOMPILE_PREFIX_HEADER = YES;
				GCC_PREFIX_HEADER = "Gummi Commander/Gummi Commander-Prefix.pch";
				INFOPLIST_FILE = "Gummi Commander/Gummi Commander-Info.plist";
				PRODUCT_NAME = "$(TARGET_NAME)";
				WRAPPER_EXTENSION = app;
			};
			name = Release;
		};
		CBD9719A168F695F00536DF9 /* Debug */ = {
			isa = XCBuildConfiguration;
			baseConfigurationReference = 1D66CFD1DD524A1C9E12A437 /* Pods-Gummi CommanderTests.xcconfig */;
			buildSettings = {
				BUNDLE_LOADER = "$(BUILT_PRODUCTS_DIR)/Gummi Commander.app/Gummi Commander";
				FRAMEWORK_SEARCH_PATHS = (
					"\"$(SDKROOT)/Developer/Library/Frameworks\"",
					"\"$(DEVELOPER_LIBRARY_DIR)/Frameworks\"",
					"\"$(inherited)\"",
				);
				GCC_PRECOMPILE_PREFIX_HEADER = YES;
				GCC_PREFIX_HEADER = "Gummi Commander/Gummi Commander-Prefix.pch";
				INFOPLIST_FILE = "Gummi CommanderTests/Gummi CommanderTests-Info.plist";
				PRODUCT_NAME = "$(TARGET_NAME)";
				TEST_HOST = "$(BUNDLE_LOADER)";
				WRAPPER_EXTENSION = octest;
			};
			name = Debug;
		};
		CBD9719B168F695F00536DF9 /* Release */ = {
			isa = XCBuildConfiguration;
			baseConfigurationReference = 1D66CFD1DD524A1C9E12A437 /* Pods-Gummi CommanderTests.xcconfig */;
			buildSettings = {
				BUNDLE_LOADER = "$(BUILT_PRODUCTS_DIR)/Gummi Commander.app/Gummi Commander";
				FRAMEWORK_SEARCH_PATHS = (
					"\"$(SDKROOT)/Developer/Library/Frameworks\"",
					"\"$(DEVELOPER_LIBRARY_DIR)/Frameworks\"",
					"\"$(inherited)\"",
				);
				GCC_PRECOMPILE_PREFIX_HEADER = YES;
				GCC_PREFIX_HEADER = "Gummi Commander/Gummi Commander-Prefix.pch";
				INFOPLIST_FILE = "Gummi CommanderTests/Gummi CommanderTests-Info.plist";
				PRODUCT_NAME = "$(TARGET_NAME)";
				TEST_HOST = "$(BUNDLE_LOADER)";
				WRAPPER_EXTENSION = octest;
			};
			name = Release;
		};
/* End XCBuildConfiguration section */

/* Begin XCConfigurationList section */
		CBD9715D168F695F00536DF9 /* Build configuration list for PBXProject "Gummi Commander" */ = {
			isa = XCConfigurationList;
			buildConfigurations = (
				CBD97194168F695F00536DF9 /* Debug */,
				CBD97195168F695F00536DF9 /* Release */,
			);
			defaultConfigurationIsVisible = 0;
			defaultConfigurationName = Release;
		};
		CBD97196168F695F00536DF9 /* Build configuration list for PBXNativeTarget "Gummi Commander" */ = {
			isa = XCConfigurationList;
			buildConfigurations = (
				CBD97197168F695F00536DF9 /* Debug */,
				CBD97198168F695F00536DF9 /* Release */,
			);
			defaultConfigurationIsVisible = 0;
			defaultConfigurationName = Release;
		};
		CBD97199168F695F00536DF9 /* Build configuration list for PBXNativeTarget "Gummi CommanderTests" */ = {
			isa = XCConfigurationList;
			buildConfigurations = (
				CBD9719A168F695F00536DF9 /* Debug */,
				CBD9719B168F695F00536DF9 /* Release */,
			);
			defaultConfigurationIsVisible = 0;
			defaultConfigurationName = Release;
		};
/* End XCConfigurationList section */
	};
	rootObject = CBD9715A168F695F00536DF9 /* Project object */;
}
